
Microsoft Visual Studio Solution File, Format Version 12.00
# Visual Studio 14
VisualStudioVersion = 14.0.25420.1
MinimumVisualStudioVersion = 10.0.40219.1
Project("{FAE04EC0-301F-11D3-BF4B-00C04F79EFBC}") = "Web", "Web\Web.csproj", "{437728AF-649B-474A-B922-78003E5B5191}"
EndProject
Project("{FAE04EC0-301F-11D3-BF4B-00C04F79EFBC}") = "Model", "Model\Model.csproj", "{47E854E2-6B23-491A-8C5F-5D3145374C76}"
EndProject
Global
	GlobalSection(SolutionConfigurationPlatforms) = preSolution
		Debug|Any CPU = Debug|Any CPU
		Release|Any CPU = Release|Any CPU
	EndGlobalSection
	GlobalSection(ProjectConfigurationPlatforms) = postSolution
		{437728AF-649B-474A-B922-78003E5B5191}.Debug|Any CPU.ActiveCfg = Debug|Any CPU
		{437728AF-649B-474A-B922-78003E5B5191}.Debug|Any CPU.Build.0 = Debug|Any CPU
		{437728AF-649B-474A-B922-78003E5B5191}.Release|Any CPU.ActiveCfg = Release|Any CPU
		{437728AF-649B-474A-B922-78003E5B5191}.Release|Any CPU.Build.0 = Release|Any CPU
		{47E854E2-6B23-491A-8C5F-5D3145374C76}.Debug|Any CPU.ActiveCfg = Debug|Any CPU
		{47E854E2-6B23-491A-8C5F-5D3145374C76}.Debug|Any CPU.Build.0 = Debug|Any CPU
		{47E854E2-6B23-491A-8C5F-5D3145374C76}.Release|Any CPU.ActiveCfg = Release|Any CPU
		{47E854E2-6B23-491A-8C5F-5D3145374C76}.Release|Any CPU.Build.0 = Release|Any CPU
	EndGlobalSection
	GlobalSection(SolutionProperties) = preSolution
		HideSolutionNode = FALSE
	EndGlobalSection
EndGlobal
