
Microsoft Visual Studio Solution File, Format Version 12.00
# Visual Studio 14
VisualStudioVersion = 14.0.25420.1
MinimumVisualStudioVersion = 10.0.40219.1
Project("{FAE04EC0-301F-11D3-BF4B-00C04F79EFBC}") = "AutoIt.Foundation.Common", "AutoIt.Foundation.Common\AutoIt.Foundation.Common.csproj", "{AA5A1883-4EB2-48F0-86A3-376DADC19B56}"
EndProject
Project("{FAE04EC0-301F-11D3-BF4B-00C04F79EFBC}") = "AutoIt.Foundation.Test", "AutoIt.Foundation.Test\AutoIt.Foundation.Test.csproj", "{F2C3CCAA-130A-451A-8BCC-8FC9F5E07B7E}"
EndProject
Global
	GlobalSection(SolutionConfigurationPlatforms) = preSolution
		Debug|Any CPU = Debug|Any CPU
		Release|Any CPU = Release|Any CPU
	EndGlobalSection
	GlobalSection(ProjectConfigurationPlatforms) = postSolution
		{AA5A1883-4EB2-48F0-86A3-376DADC19B56}.Debug|Any CPU.ActiveCfg = Debug|Any CPU
		{AA5A1883-4EB2-48F0-86A3-376DADC19B56}.Debug|Any CPU.Build.0 = Debug|Any CPU
		{AA5A1883-4EB2-48F0-86A3-376DADC19B56}.Release|Any CPU.ActiveCfg = Release|Any CPU
		{AA5A1883-4EB2-48F0-86A3-376DADC19B56}.Release|Any CPU.Build.0 = Release|Any CPU
		{F2C3CCAA-130A-451A-8BCC-8FC9F5E07B7E}.Debug|Any CPU.ActiveCfg = Debug|Any CPU
		{F2C3CCAA-130A-451A-8BCC-8FC9F5E07B7E}.Debug|Any CPU.Build.0 = Debug|Any CPU
		{F2C3CCAA-130A-451A-8BCC-8FC9F5E07B7E}.Release|Any CPU.ActiveCfg = Release|Any CPU
		{F2C3CCAA-130A-451A-8BCC-8FC9F5E07B7E}.Release|Any CPU.Build.0 = Release|Any CPU
	EndGlobalSection
	GlobalSection(SolutionProperties) = preSolution
		HideSolutionNode = FALSE
	EndGlobalSection
EndGlobal
