
Microsoft Visual Studio Solution File, Format Version 12.00
# Visual Studio 14
VisualStudioVersion = 14.0.25420.1
MinimumVisualStudioVersion = 10.0.40219.1
Project("{FAE04EC0-301F-11D3-BF4B-00C04F79EFBC}") = "AutoIt.Foundation.Common", "AutoIt.Foundation.Common\AutoIt.Foundation.Common.csproj", "{AA5A1883-4EB2-48F0-86A3-376DADC19B56}"
EndProject
Project("{FAE04EC0-301F-11D3-BF4B-00C04F79EFBC}") = "AutoIt.Foundation.Test", "AutoIt.Foundation.Test\AutoIt.Foundation.Test.csproj", "{F2C3CCAA-130A-451A-8BCC-8FC9F5E07B7E}"
EndProject
Project("{FAE04EC0-301F-11D3-BF4B-00C04F79EFBC}") = "AutoIt.Foundation.Web.Scripts", "AutoIt.Foundation.Web.Scripts\AutoIt.Foundation.Web.Scripts.csproj", "{A148C7C9-7388-48FD-8DFF-533B8D8DE9D8}"
EndProject
Project("{2150E333-8FDC-42A3-9474-1A3956D46DE8}") = "Test", "Test", "{5A9461D7-CBDA-4609-92FA-6C0FA9E20975}"
EndProject
Project("{FAE04EC0-301F-11D3-BF4B-00C04F79EFBC}") = "AutoIt.Foundation.Store", "AutoIt.Foundation.Store\AutoIt.Foundation.Store.csproj", "{551AE4AA-5028-4E39-B5E6-69BFA22007A3}"
EndProject
Project("{FAE04EC0-301F-11D3-BF4B-00C04F79EFBC}") = "AutoIt.Foundation.Aop", "AutoIt.Foundation.Aop\AutoIt.Foundation.Aop.csproj", "{09779467-22BF-40C2-BF41-15D26EF0E42E}"
EndProject
Project("{FAE04EC0-301F-11D3-BF4B-00C04F79EFBC}") = "AutoIt.Foundation.Common.Test", "AutoIt.Foundation.Common.Test\AutoIt.Foundation.Common.Test.csproj", "{D41C633A-0F8C-402E-89D9-954473DEDE08}"
EndProject
Project("{FAE04EC0-301F-11D3-BF4B-00C04F79EFBC}") = "AutoIt.Foundation.Store.Test", "AutoIt.Foundation.Common.StoreCenter.Test\AutoIt.Foundation.Store.Test.csproj", "{0BB3BA8F-4DEF-47D4-9D40-23F76F9095C0}"
EndProject
Project("{FAE04EC0-301F-11D3-BF4B-00C04F79EFBC}") = "AutoIt.Foundation.TestBase", "AutoIt.Foundation.TestBase\AutoIt.Foundation.TestBase.csproj", "{3963BBCA-4C75-4A35-8E4B-B47780BDD31D}"
EndProject
Global
	GlobalSection(SolutionConfigurationPlatforms) = preSolution
		Debug|Any CPU = Debug|Any CPU
		Release|Any CPU = Release|Any CPU
	EndGlobalSection
	GlobalSection(ProjectConfigurationPlatforms) = postSolution
		{AA5A1883-4EB2-48F0-86A3-376DADC19B56}.Debug|Any CPU.ActiveCfg = Debug|Any CPU
		{AA5A1883-4EB2-48F0-86A3-376DADC19B56}.Debug|Any CPU.Build.0 = Debug|Any CPU
		{AA5A1883-4EB2-48F0-86A3-376DADC19B56}.Release|Any CPU.ActiveCfg = Release|Any CPU
		{AA5A1883-4EB2-48F0-86A3-376DADC19B56}.Release|Any CPU.Build.0 = Release|Any CPU
		{F2C3CCAA-130A-451A-8BCC-8FC9F5E07B7E}.Debug|Any CPU.ActiveCfg = Debug|Any CPU
		{F2C3CCAA-130A-451A-8BCC-8FC9F5E07B7E}.Debug|Any CPU.Build.0 = Debug|Any CPU
		{F2C3CCAA-130A-451A-8BCC-8FC9F5E07B7E}.Release|Any CPU.ActiveCfg = Release|Any CPU
		{F2C3CCAA-130A-451A-8BCC-8FC9F5E07B7E}.Release|Any CPU.Build.0 = Release|Any CPU
		{A148C7C9-7388-48FD-8DFF-533B8D8DE9D8}.Debug|Any CPU.ActiveCfg = Debug|Any CPU
		{A148C7C9-7388-48FD-8DFF-533B8D8DE9D8}.Debug|Any CPU.Build.0 = Debug|Any CPU
		{A148C7C9-7388-48FD-8DFF-533B8D8DE9D8}.Release|Any CPU.ActiveCfg = Release|Any CPU
		{A148C7C9-7388-48FD-8DFF-533B8D8DE9D8}.Release|Any CPU.Build.0 = Release|Any CPU
		{551AE4AA-5028-4E39-B5E6-69BFA22007A3}.Debug|Any CPU.ActiveCfg = Debug|Any CPU
		{551AE4AA-5028-4E39-B5E6-69BFA22007A3}.Debug|Any CPU.Build.0 = Debug|Any CPU
		{551AE4AA-5028-4E39-B5E6-69BFA22007A3}.Release|Any CPU.ActiveCfg = Release|Any CPU
		{551AE4AA-5028-4E39-B5E6-69BFA22007A3}.Release|Any CPU.Build.0 = Release|Any CPU
		{09779467-22BF-40C2-BF41-15D26EF0E42E}.Debug|Any CPU.ActiveCfg = Debug|Any CPU
		{09779467-22BF-40C2-BF41-15D26EF0E42E}.Debug|Any CPU.Build.0 = Debug|Any CPU
		{09779467-22BF-40C2-BF41-15D26EF0E42E}.Release|Any CPU.ActiveCfg = Release|Any CPU
		{09779467-22BF-40C2-BF41-15D26EF0E42E}.Release|Any CPU.Build.0 = Release|Any CPU
		{D41C633A-0F8C-402E-89D9-954473DEDE08}.Debug|Any CPU.ActiveCfg = Debug|Any CPU
		{D41C633A-0F8C-402E-89D9-954473DEDE08}.Debug|Any CPU.Build.0 = Debug|Any CPU
		{D41C633A-0F8C-402E-89D9-954473DEDE08}.Release|Any CPU.ActiveCfg = Release|Any CPU
		{D41C633A-0F8C-402E-89D9-954473DEDE08}.Release|Any CPU.Build.0 = Release|Any CPU
		{0BB3BA8F-4DEF-47D4-9D40-23F76F9095C0}.Debug|Any CPU.ActiveCfg = Debug|Any CPU
		{0BB3BA8F-4DEF-47D4-9D40-23F76F9095C0}.Debug|Any CPU.Build.0 = Debug|Any CPU
		{0BB3BA8F-4DEF-47D4-9D40-23F76F9095C0}.Release|Any CPU.ActiveCfg = Release|Any CPU
		{0BB3BA8F-4DEF-47D4-9D40-23F76F9095C0}.Release|Any CPU.Build.0 = Release|Any CPU
		{3963BBCA-4C75-4A35-8E4B-B47780BDD31D}.Debug|Any CPU.ActiveCfg = Debug|Any CPU
		{3963BBCA-4C75-4A35-8E4B-B47780BDD31D}.Debug|Any CPU.Build.0 = Debug|Any CPU
		{3963BBCA-4C75-4A35-8E4B-B47780BDD31D}.Release|Any CPU.ActiveCfg = Release|Any CPU
		{3963BBCA-4C75-4A35-8E4B-B47780BDD31D}.Release|Any CPU.Build.0 = Release|Any CPU
	EndGlobalSection
	GlobalSection(SolutionProperties) = preSolution
		HideSolutionNode = FALSE
	EndGlobalSection
	GlobalSection(NestedProjects) = preSolution
		{F2C3CCAA-130A-451A-8BCC-8FC9F5E07B7E} = {5A9461D7-CBDA-4609-92FA-6C0FA9E20975}
		{D41C633A-0F8C-402E-89D9-954473DEDE08} = {5A9461D7-CBDA-4609-92FA-6C0FA9E20975}
		{0BB3BA8F-4DEF-47D4-9D40-23F76F9095C0} = {5A9461D7-CBDA-4609-92FA-6C0FA9E20975}
		{3963BBCA-4C75-4A35-8E4B-B47780BDD31D} = {5A9461D7-CBDA-4609-92FA-6C0FA9E20975}
	EndGlobalSection
EndGlobal
